<?xml version="1.0" encoding="utf-8"?>
<Project ToolsVersion="4.0" xmlns="http://schemas.microsoft.com/developer/msbuild/2003">
  <ItemGroup>
    <Filter Include="Source">
      <UniqueIdentifier>{B6A61509-7DBF-4F7A-9398-049644053E5E}</UniqueIdentifier>
      <Extensions>cpp;c;cc;cxx;def;odl;idl;hpj;bat;asm;asmx</Extensions>
    </Filter>
    <Filter Include="Include">
      <UniqueIdentifier>{FEA658CB-B58A-449C-B06B-195955400E5A}</UniqueIdentifier>
      <Extensions>h;hh;hpp;hxx;hm;inl;inc;xsd</Extensions>
    </Filter>
    <Filter Include="Resource">
      <UniqueIdentifier>{94FE5D90-172D-4711-A17F-B8AD8F22E34A}</UniqueIdentifier>
      <Extensions>rc;ico;cur;bmp;dlg;rc2;rct;bin;rgs;gif;jpg;jpeg;jpe;resx;tiff;tif;png;wav;mfcribbon-ms</Extensions>
    </Filter>
    <Filter Include="Include\public">
      <UniqueIdentifier>{bc333179-8f3c-4a7c-b988-dbe46aca6e78}</UniqueIdentifier>
    </Filter>
  </ItemGroup>
  <ItemGroup>
    <ClCompile Include="..\..\Source\TaskbarBtnProgress.cpp">
      <Filter>Source</Filter>
    </ClCompile>
  </ItemGroup>
  <ItemGroup>
    <ClInclude Include="..\..\Include\TaskbarBtnProgress.h">
      <Filter>Include\public</Filter>
    </ClInclude>
    <ClInclude Include="..\..\Include\Global.h">
      <Filter>Include</Filter>
    </ClInclude>
    <ClInclude Include="..\..\Include\VersionInfo.h">
      <Filter>Include</Filter>
    </ClInclude>
  </ItemGroup>
  <ItemGroup>
    <None Include="..\..\Include\TaskbarBtnProgress.def">
      <Filter>Include\public</Filter>
    </None>
  </ItemGroup>
</Project>